
Microsoft Visual Studio Solution File, Format Version 12.00
# Visual Studio Express 2013 for Windows Desktop
VisualStudioVersion = 12.0.31101.0
MinimumVisualStudioVersion = 10.0.40219.1
Project("{8BC9CEB8-8B4A-11D0-8D11-00A0C91BC942}") = "vector addition gui", "vector addition gui\vector addition gui.vcxproj", "{02A65FF1-18B4-4867-A033-D0CFC488D33A}"
EndProject
Global
	GlobalSection(SolutionConfigurationPlatforms) = preSolution
		Debug|Win32 = Debug|Win32
		Release|Win32 = Release|Win32
	EndGlobalSection
	GlobalSection(ProjectConfigurationPlatforms) = postSolution
		{02A65FF1-18B4-4867-A033-D0CFC488D33A}.Debug|Win32.ActiveCfg = Release|Win32
		{02A65FF1-18B4-4867-A033-D0CFC488D33A}.Debug|Win32.Build.0 = Release|Win32
		{02A65FF1-18B4-4867-A033-D0CFC488D33A}.Debug|Win32.Deploy.0 = Release|Win32
		{02A65FF1-18B4-4867-A033-D0CFC488D33A}.Release|Win32.ActiveCfg = Release|Win32
		{02A65FF1-18B4-4867-A033-D0CFC488D33A}.Release|Win32.Build.0 = Release|Win32
	EndGlobalSection
	GlobalSection(SolutionProperties) = preSolution
		HideSolutionNode = FALSE
	EndGlobalSection
EndGlobal
